PODS:
  - KMPlaceholderTextView (1.4.0)
  - Localize (2.3.0)
  - POE (0.6.0):
    - KMPlaceholderTextView (~> 1.4)
    - Localize (~> 2.2)

DEPENDENCIES:
  - KMPlaceholderTextView (from `https://github.com/tladesignz/KMPlaceholderTextView.git`)
  - POE (from `../`)

SPEC REPOS:
  trunk:
    - Localize

EXTERNAL SOURCES:
  KMPlaceholderTextView:
    :git: https://github.com/tladesignz/KMPlaceholderTextView.git
  POE:
    :path: "../"

CHECKOUT OPTIONS:
  KMPlaceholderTextView:
    :commit: c9fb46117820ae80ff561fe185ee20f3b998a193
    :git: https://github.com/tladesignz/KMPlaceholderTextView.git

SPEC CHECKSUMS:
  KMPlaceholderTextView: de2b477654954b0707ada35335c3635259511297
  Localize: cb1ae53ed73decaad0dce217806ed983091913f5
  POE: b5c8a0524a55701a3215c6acaf501cc82dd4ec32

PODFILE CHECKSUM: 5793d1abb341f240ff36794f3b7284da4b92fc1d

COCOAPODS: 1.8.4
