PODS:
  - KMPlaceholderTextView (1.4.0)
  - Localize (2.3.0)
  - POE (0.6.0):
    - KMPlaceholderTextView (~> 1.4)
    - Localize (~> 2.2)

DEPENDENCIES:
  - POE (from `../`)

SPEC REPOS:
  trunk:
    - KMPlaceholderTextView
    - Localize

EXTERNAL SOURCES:
  POE:
    :path: "../"

SPEC CHECKSUMS:
  KMPlaceholderTextView: 2206c3df39979e9396e2d96fa9f427a8951121b0
  Localize: cb1ae53ed73decaad0dce217806ed983091913f5
  POE: b5c8a0524a55701a3215c6acaf501cc82dd4ec32

PODFILE CHECKSUM: 443da6f70c8c1b7854dfdceec88ae059e6c70a44

COCOAPODS: 1.8.3
